// !$*UTF8*$!
{
	archiveVersion = 1;
	classes = {
	};
	objectVersion = 56;
	objects = {

/* Begin PBXBuildFile section */
		5805E0E02B0E57CE00849F21 /* snowman.usdz in Resources */ = {isa = PBXBuildFile; fileRef = 5805E0DF2B0E57CE00849F21 /* snowman.usdz */; };
		5868C5BE2B06606800A72195 /* ARAction.swift in Sources */ = {isa = PBXBuildFile; fileRef = 5868C5BD2B06606800A72195 /* ARAction.swift */; };
		5868C5C02B06623600A72195 /* ARManager.swift in Sources */ = {isa = PBXBuildFile; fileRef = 5868C5BF2B06623500A72195 /* ARManager.swift */; };
		58C029DC2B027C7A00A631BE /* MeasureFunApp.swift in Sources */ = {isa = PBXBuildFile; fileRef = 58C029DB2B027C7A00A631BE /* MeasureFunApp.swift */; };
		58C029DE2B027C7A00A631BE /* ContentView.swift in Sources */ = {isa = PBXBuildFile; fileRef = 58C029DD2B027C7A00A631BE /* ContentView.swift */; };
		58C029E22B027C7B00A631BE /* Assets.xcassets in Resources */ = {isa = PBXBuildFile; fileRef = 58C029E12B027C7B00A631BE /* Assets.xcassets */; };
		58C029E52B027C7B00A631BE /* Preview Assets.xcassets in Resources */ = {isa = PBXBuildFile; fileRef = 58C029E42B027C7B00A631BE /* Preview Assets.xcassets */; };
		58C02A062B02882D00A631BE /* CustomARView.swift in Sources */ = {isa = PBXBuildFile; fileRef = 58C02A052B02882D00A631BE /* CustomARView.swift */; };
		58C02A082B028AAE00A631BE /* ARContainerView.swift in Sources */ = {isa = PBXBuildFile; fileRef = 58C02A072B028AAE00A631BE /* ARContainerView.swift */; };
/* End PBXBuildFile section */

/* Begin PBXFileReference section */
		5805E0DF2B0E57CE00849F21 /* snowman.usdz */ = {isa = PBXFileReference; lastKnownFileType = file.usdz; path = snowman.usdz; sourceTree = "<group>"; };
		5868C5BD2B06606800A72195 /* ARAction.swift */ = {isa = PBXFileReference; lastKnownFileType = sourcecode.swift; path = ARAction.swift; sourceTree = "<group>"; };
		5868C5BF2B06623500A72195 /* ARManager.swift */ = {isa = PBXFileReference; lastKnownFileType = sourcecode.swift; path = ARManager.swift; sourceTree = "<group>"; };
		58C029D82B027C7A00A631BE /* MeasureFun.app */ = {isa = PBXFileReference; explicitFileType = wrapper.application; includeInIndex = 0; path = MeasureFun.app; sourceTree = BUILT_PRODUCTS_DIR; };
		58C029DB2B027C7A00A631BE /* MeasureFunApp.swift */ = {isa = PBXFileReference; lastKnownFileType = sourcecode.swift; path = MeasureFunApp.swift; sourceTree = "<group>"; };
		58C029DD2B027C7A00A631BE /* ContentView.swift */ = {isa = PBXFileReference; lastKnownFileType = sourcecode.swift; path = ContentView.swift; sourceTree = "<group>"; };
		58C029E12B027C7B00A631BE /* Assets.xcassets */ = {isa = PBXFileReference; lastKnownFileType = folder.assetcatalog; path = Assets.xcassets; sourceTree = "<group>"; };
		58C029E42B027C7B00A631BE /* Preview Assets.xcassets */ = {isa = PBXFileReference; lastKnownFileType = folder.assetcatalog; path = "Preview Assets.xcassets"; sourceTree = "<group>"; };
		58C02A052B02882D00A631BE /* CustomARView.swift */ = {isa = PBXFileReference; lastKnownFileType = sourcecode.swift; path = CustomARView.swift; sourceTree = "<group>"; };
		58C02A072B028AAE00A631BE /* ARContainerView.swift */ = {isa = PBXFileReference; lastKnownFileType = sourcecode.swift; path = ARContainerView.swift; sourceTree = "<group>"; };
		58C02A092B028BEB00A631BE /* Info.plist */ = {isa = PBXFileReference; lastKnownFileType = text.plist; path = Info.plist; sourceTree = "<group>"; };
/* End PBXFileReference section */

/* Begin PBXFrameworksBuildPhase section */
		58C029D52B027C7A00A631BE /* Frameworks */ = {
			isa = PBXFrameworksBuildPhase;
			buildActionMask = 2147483647;
			files = (
			);
			runOnlyForDeploymentPostprocessing = 0;
		};
/* End PBXFrameworksBuildPhase section */

/* Begin PBXGroup section */
		58C029CF2B027C7A00A631BE = {
			isa = PBXGroup;
			children = (
				58C029DA2B027C7A00A631BE /* MeasureFun */,
				58C029D92B027C7A00A631BE /* Products */,
			);
			sourceTree = "<group>";
		};
		58C029D92B027C7A00A631BE /* Products */ = {
			isa = PBXGroup;
			children = (
				58C029D82B027C7A00A631BE /* MeasureFun.app */,
			);
			name = Products;
			sourceTree = "<group>";
		};
		58C029DA2B027C7A00A631BE /* MeasureFun */ = {
			isa = PBXGroup;
			children = (
				58C02A092B028BEB00A631BE /* Info.plist */,
				58C029DB2B027C7A00A631BE /* MeasureFunApp.swift */,
				58C029DD2B027C7A00A631BE /* ContentView.swift */,
				5868C5BD2B06606800A72195 /* ARAction.swift */,
				5868C5BF2B06623500A72195 /* ARManager.swift */,
				58C02A052B02882D00A631BE /* CustomARView.swift */,
				58C029E12B027C7B00A631BE /* Assets.xcassets */,
				58C029E32B027C7B00A631BE /* Preview Content */,
				58C02A072B028AAE00A631BE /* ARContainerView.swift */,
				5805E0DF2B0E57CE00849F21 /* snowman.usdz */,
			);
			path = MeasureFun;
			sourceTree = "<group>";
		};
		58C029E32B027C7B00A631BE /* Preview Content */ = {
			isa = PBXGroup;
			children = (
				58C029E42B027C7B00A631BE /* Preview Assets.xcassets */,
			);
			path = "Preview Content";
			sourceTree = "<group>";
		};
/* End PBXGroup section */

/* Begin PBXNativeTarget section */
		58C029D72B027C7A00A631BE /* MeasureFun */ = {
			isa = PBXNativeTarget;
			buildConfigurationList = 58C029E82B027C7B00A631BE /* Build configuration list for PBXNativeTarget "MeasureFun" */;
			buildPhases = (
				58C029D42B027C7A00A631BE /* Sources */,
				58C029D52B027C7A00A631BE /* Frameworks */,
				58C029D62B027C7A00A631BE /* Resources */,
			);
			buildRules = (
			);
			dependencies = (
			);
			name = MeasureFun;
			productName = MeasureFun;
			productReference = 58C029D82B027C7A00A631BE /* MeasureFun.app */;
			productType = "com.apple.product-type.application";
		};
/* End PBXNativeTarget section */

/* Begin PBXProject section */
		58C029D02B027C7A00A631BE /* Project object */ = {
			isa = PBXProject;
			attributes = {
				BuildIndependentTargetsInParallel = 1;
				LastSwiftUpdateCheck = 1500;
				LastUpgradeCheck = 1500;
				TargetAttributes = {
					58C029D72B027C7A00A631BE = {
						CreatedOnToolsVersion = 15.0;
					};
				};
			};
			buildConfigurationList = 58C029D32B027C7A00A631BE /* Build configuration list for PBXProject "MeasureFun" */;
			compatibilityVersion = "Xcode 14.0";
			developmentRegion = en;
			hasScannedForEncodings = 0;
			knownRegions = (
				en,
				Base,
			);
			mainGroup = 58C029CF2B027C7A00A631BE;
			productRefGroup = 58C029D92B027C7A00A631BE /* Products */;
			projectDirPath = "";
			projectRoot = "";
			targets = (
				58C029D72B027C7A00A631BE /* MeasureFun */,
			);
		};
/* End PBXProject section */

/* Begin PBXResourcesBuildPhase section */
		58C029D62B027C7A00A631BE /* Resources */ = {
			isa = PBXResourcesBuildPhase;
			buildActionMask = 2147483647;
			files = (
				58C029E52B027C7B00A631BE /* Preview Assets.xcassets in Resources */,
				58C029E22B027C7B00A631BE /* Assets.xcassets in Resources */,
				5805E0E02B0E57CE00849F21 /* snowman.usdz in Resources */,
			);
			runOnlyForDeploymentPostprocessing = 0;
		};
/* End PBXResourcesBuildPhase section */

/* Begin PBXSourcesBuildPhase section */
		58C029D42B027C7A00A631BE /* Sources */ = {
			isa = PBXSourcesBuildPhase;
			buildActionMask = 2147483647;
			files = (
				58C02A082B028AAE00A631BE /* ARContainerView.swift in Sources */,
				5868C5BE2B06606800A72195 /* ARAction.swift in Sources */,
				58C029DE2B027C7A00A631BE /* ContentView.swift in Sources */,
				58C02A062B02882D00A631BE /* CustomARView.swift in Sources */,
				5868C5C02B06623600A72195 /* ARManager.swift in Sources */,
				58C029DC2B027C7A00A631BE /* MeasureFunApp.swift in Sources */,
			);
			runOnlyForDeploymentPostprocessing = 0;
		};
/* End PBXSourcesBuildPhase section */

/* Begin XCBuildConfiguration section */
		58C029E62B027C7B00A631BE /* Debug */ = {
			isa = XCBuildConfiguration;
			buildSettings = {
				ALWAYS_SEARCH_USER_PATHS = NO;
				ASSETCATALOG_COMPILER_GENERATE_SWIFT_ASSET_SYMBOL_EXTENSIONS = YES;
				CLANG_ANALYZER_NONNULL = YES;
				CLANG_ANALYZER_NUMBER_OBJECT_CONVERSION = YES_AGGRESSIVE;
				CLANG_CXX_LANGUAGE_STANDARD = "gnu++20";
				CLANG_ENABLE_MODULES = YES;
				CLANG_ENABLE_OBJC_ARC = YES;
				CLANG_ENABLE_OBJC_WEAK = YES;
				CLANG_WARN_BLOCK_CAPTURE_AUTORELEASING = YES;
				CLANG_WARN_BOOL_CONVERSION = YES;
				CLANG_WARN_COMMA = YES;
				CLANG_WARN_CONSTANT_CONVERSION = YES;
				CLANG_WARN_DEPRECATED_OBJC_IMPLEMENTATIONS = YES;
				CLANG_WARN_DIRECT_OBJC_ISA_USAGE = YES_ERROR;
				CLANG_WARN_DOCUMENTATION_COMMENTS = YES;
				CLANG_WARN_EMPTY_BODY = YES;
				CLANG_WARN_ENUM_CONVERSION = YES;
				CLANG_WARN_INFINITE_RECURSION = YES;
				CLANG_WARN_INT_CONVERSION = YES;
				CLANG_WARN_NON_LITERAL_NULL_CONVERSION = YES;
				CLANG_WARN_OBJC_IMPLICIT_RETAIN_SELF = YES;
				CLANG_WARN_OBJC_LITERAL_CONVERSION = YES;
				CLANG_WARN_OBJC_ROOT_CLASS = YES_ERROR;
				CLANG_WARN_QUOTED_INCLUDE_IN_FRAMEWORK_HEADER = YES;
				CLANG_WARN_RANGE_LOOP_ANALYSIS = YES;
				CLANG_WARN_STRICT_PROTOTYPES = YES;
				CLANG_WARN_SUSPICIOUS_MOVE = YES;
				CLANG_WARN_UNGUARDED_AVAILABILITY = YES_AGGRESSIVE;
				CLANG_WARN_UNREACHABLE_CODE = YES;
				CLANG_WARN__DUPLICATE_METHOD_MATCH = YES;
				COPY_PHASE_STRIP = NO;
				DEBUG_INFORMATION_FORMAT = dwarf;
				ENABLE_STRICT_OBJC_MSGSEND = YES;
				ENABLE_TESTABILITY = YES;
				ENABLE_USER_SCRIPT_SANDBOXING = YES;
				GCC_C_LANGUAGE_STANDARD = gnu17;
				GCC_DYNAMIC_NO_PIC = NO;
				GCC_NO_COMMON_BLOCKS = YES;
				GCC_OPTIMIZATION_LEVEL = 0;
				GCC_PREPROCESSOR_DEFINITIONS = (
					"DEBUG=1",
					"$(inherited)",
				);
				GCC_WARN_64_TO_32_BIT_CONVERSION = YES;
				GCC_WARN_ABOUT_RETURN_TYPE = YES_ERROR;
				GCC_WARN_UNDECLARED_SELECTOR = YES;
				GCC_WARN_UNINITIALIZED_AUTOS = YES_AGGRESSIVE;
				GCC_WARN_UNUSED_FUNCTION = YES;
				GCC_WARN_UNUSED_VARIABLE = YES;
				IPHONEOS_DEPLOYMENT_TARGET = 17.0;
				LOCALIZATION_PREFERS_STRING_CATALOGS = YES;
				MTL_ENABLE_DEBUG_INFO = INCLUDE_SOURCE;
				MTL_FAST_MATH = YES;
				ONLY_ACTIVE_ARCH = YES;
				SDKROOT = iphoneos;
				SWIFT_ACTIVE_COMPILATION_CONDITIONS = "DEBUG $(inherited)";
				SWIFT_OPTIMIZATION_LEVEL = "-Onone";
			};
			name = Debug;
		};
		58C029E72B027C7B00A631BE /* Release */ = {
			isa = XCBuildConfiguration;
			buildSettings = {
				ALWAYS_SEARCH_USER_PATHS = NO;
				ASSETCATALOG_COMPILER_GENERATE_SWIFT_ASSET_SYMBOL_EXTENSIONS = YES;
				CLANG_ANALYZER_NONNULL = YES;
				CLANG_ANALYZER_NUMBER_OBJECT_CONVERSION = YES_AGGRESSIVE;
				CLANG_CXX_LANGUAGE_STANDARD = "gnu++20";
				CLANG_ENABLE_MODULES = YES;
				CLANG_ENABLE_OBJC_ARC = YES;
				CLANG_ENABLE_OBJC_WEAK = YES;
				CLANG_WARN_BLOCK_CAPTURE_AUTORELEASING = YES;
				CLANG_WARN_BOOL_CONVERSION = YES;
				CLANG_WARN_COMMA = YES;
				CLANG_WARN_CONSTANT_CONVERSION = YES;
				CLANG_WARN_DEPRECATED_OBJC_IMPLEMENTATIONS = YES;
				CLANG_WARN_DIRECT_OBJC_ISA_USAGE = YES_ERROR;
				CLANG_WARN_DOCUMENTATION_COMMENTS = YES;
				CLANG_WARN_EMPTY_BODY = YES;
				CLANG_WARN_ENUM_CONVERSION = YES;
				CLANG_WARN_INFINITE_RECURSION = YES;
				CLANG_WARN_INT_CONVERSION = YES;
				CLANG_WARN_NON_LITERAL_NULL_CONVERSION = YES;
				CLANG_WARN_OBJC_IMPLICIT_RETAIN_SELF = YES;
				CLANG_WARN_OBJC_LITERAL_CONVERSION = YES;
				CLANG_WARN_OBJC_ROOT_CLASS = YES_ERROR;
				CLANG_WARN_QUOTED_INCLUDE_IN_FRAMEWORK_HEADER = YES;
				CLANG_WARN_RANGE_LOOP_ANALYSIS = YES;
				CLANG_WARN_STRICT_PROTOTYPES = YES;
				CLANG_WARN_SUSPICIOUS_MOVE = YES;
				CLANG_WARN_UNGUARDED_AVAILABILITY = YES_AGGRESSIVE;
				CLANG_WARN_UNREACHABLE_CODE = YES;
				CLANG_WARN__DUPLICATE_METHOD_MATCH = YES;
				COPY_PHASE_STRIP = NO;
				DEBUG_INFORMATION_FORMAT = "dwarf-with-dsym";
				ENABLE_NS_ASSERTIONS = NO;
				ENABLE_STRICT_OBJC_MSGSEND = YES;
				ENABLE_USER_SCRIPT_SANDBOXING = YES;
				GCC_C_LANGUAGE_STANDARD = gnu17;
				GCC_NO_COMMON_BLOCKS = YES;
				GCC_WARN_64_TO_32_BIT_CONVERSION = YES;
				GCC_WARN_ABOUT_RETURN_TYPE = YES_ERROR;
				GCC_WARN_UNDECLARED_SELECTOR = YES;
				GCC_WARN_UNINITIALIZED_AUTOS = YES_AGGRESSIVE;
				GCC_WARN_UNUSED_FUNCTION = YES;
				GCC_WARN_UNUSED_VARIABLE = YES;
				IPHONEOS_DEPLOYMENT_TARGET = 17.0;
				LOCALIZATION_PREFERS_STRING_CATALOGS = YES;
				MTL_ENABLE_DEBUG_INFO = NO;
				MTL_FAST_MATH = YES;
				SDKROOT = iphoneos;
				SWIFT_COMPILATION_MODE = wholemodule;
				VALIDATE_PRODUCT = YES;
			};
			name = Release;
		};
		58C029E92B027C7B00A631BE /* Debug */ = {
			isa = XCBuildConfiguration;
			buildSettings = {
				ASSETCATALOG_COMPILER_APPICON_NAME = AppIcon;
				ASSETCATALOG_COMPILER_GLOBAL_ACCENT_COLOR_NAME = AccentColor;
				CODE_SIGN_STYLE = Automatic;
				CURRENT_PROJECT_VERSION = 1;
				DEVELOPMENT_ASSET_PATHS = "\"MeasureFun/Preview Content\"";
				DEVELOPMENT_TEAM = 27J9MHRH2K;
				ENABLE_PREVIEWS = YES;
				GENERATE_INFOPLIST_FILE = YES;
				INFOPLIST_FILE = MeasureFun/Info.plist;
				INFOPLIST_KEY_NSCameraUsageDescription = "Needed to see camera view";
				INFOPLIST_KEY_UIApplicationSceneManifest_Generation = YES;
				INFOPLIST_KEY_UIApplicationSupportsIndirectInputEvents = YES;
				INFOPLIST_KEY_UILaunchScreen_Generation = YES;
				INFOPLIST_KEY_UISupportedInterfaceOrientations_iPad = "UIInterfaceOrientationPortrait UIInterfaceOrientationPortraitUpsideDown UIInterfaceOrientationLandscapeLeft UIInterfaceOrientationLandscapeRight";
				INFOPLIST_KEY_UISupportedInterfaceOrientations_iPhone = "UIInterfaceOrientationPortrait UIInterfaceOrientationLandscapeLeft UIInterfaceOrientationLandscapeRight";
				LD_RUNPATH_SEARCH_PATHS = (
					"$(inherited)",
					"@executable_path/Frameworks",
				);
				MARKETING_VERSION = 1.0;
				PRODUCT_BUNDLE_IDENTIFIER = "fahmi-ios-devs.MeasureFun";
				PRODUCT_NAME = "$(TARGET_NAME)";
				SWIFT_EMIT_LOC_STRINGS = YES;
				SWIFT_VERSION = 5.0;
				TARGETED_DEVICE_FAMILY = "1,2";
			};
			name = Debug;
		};
		58C029EA2B027C7B00A631BE /* Release */ = {
			isa = XCBuildConfiguration;
			buildSettings = {
				ASSETCATALOG_COMPILER_APPICON_NAME = AppIcon;
				ASSETCATALOG_COMPILER_GLOBAL_ACCENT_COLOR_NAME = AccentColor;
				CODE_SIGN_STYLE = Automatic;
				CURRENT_PROJECT_VERSION = 1;
				DEVELOPMENT_ASSET_PATHS = "\"MeasureFun/Preview Content\"";
				DEVELOPMENT_TEAM = 27J9MHRH2K;
				ENABLE_PREVIEWS = YES;
				GENERATE_INFOPLIST_FILE = YES;
				INFOPLIST_FILE = MeasureFun/Info.plist;
				INFOPLIST_KEY_NSCameraUsageDescription = "Needed to see camera view";
				INFOPLIST_KEY_UIApplicationSceneManifest_Generation = YES;
				INFOPLIST_KEY_UIApplicationSupportsIndirectInputEvents = YES;
				INFOPLIST_KEY_UILaunchScreen_Generation = YES;
				INFOPLIST_KEY_UISupportedInterfaceOrientations_iPad = "UIInterfaceOrientationPortrait UIInterfaceOrientationPortraitUpsideDown UIInterfaceOrientationLandscapeLeft UIInterfaceOrientationLandscapeRight";
				INFOPLIST_KEY_UISupportedInterfaceOrientations_iPhone = "UIInterfaceOrientationPortrait UIInterfaceOrientationLandscapeLeft UIInterfaceOrientationLandscapeRight";
				LD_RUNPATH_SEARCH_PATHS = (
					"$(inherited)",
					"@executable_path/Frameworks",
				);
				MARKETING_VERSION = 1.0;
				PRODUCT_BUNDLE_IDENTIFIER = "fahmi-ios-devs.MeasureFun";
				PRODUCT_NAME = "$(TARGET_NAME)";
				SWIFT_EMIT_LOC_STRINGS = YES;
				SWIFT_VERSION = 5.0;
				TARGETED_DEVICE_FAMILY = "1,2";
			};
			name = Release;
		};
/* End XCBuildConfiguration section */

/* Begin XCConfigurationList section */
		58C029D32B027C7A00A631BE /* Build configuration list for PBXProject "MeasureFun" */ = {
			isa = XCConfigurationList;
			buildConfigurations = (
				58C029E62B027C7B00A631BE /* Debug */,
				58C029E72B027C7B00A631BE /* Release */,
			);
			defaultConfigurationIsVisible = 0;
			defaultConfigurationName = Release;
		};
		58C029E82B027C7B00A631BE /* Build configuration list for PBXNativeTarget "MeasureFun" */ = {
			isa = XCConfigurationList;
			buildConfigurations = (
				58C029E92B027C7B00A631BE /* Debug */,
				58C029EA2B027C7B00A631BE /* Release */,
			);
			defaultConfigurationIsVisible = 0;
			defaultConfigurationName = Release;
		};
/* End XCConfigurationList section */
	};
	rootObject = 58C029D02B027C7A00A631BE /* Project object */;
}
